
Microsoft Visual Studio Solution File, Format Version 12.00
# Visual Studio 15
VisualStudioVersion = 15.0.28307.1145
MinimumVisualStudioVersion = 10.0.40219.1
Project("{FAE04EC0-301F-11D3-BF4B-00C04F79EFBC}") = "Antivirus UI", "Antivirus UI\Antivirus UI.csproj", "{1F7C435E-9E83-4C36-A925-82D18B74E640}"
EndProject
Global
	GlobalSection(SolutionConfigurationPlatforms) = preSolution
		Debug|Any CPU = Debug|Any CPU
		Release|Any CPU = Release|Any CPU
	EndGlobalSection
	GlobalSection(ProjectConfigurationPlatforms) = postSolution
		{1F7C435E-9E83-4C36-A925-82D18B74E640}.Debug|Any CPU.ActiveCfg = Debug|Any CPU
		{1F7C435E-9E83-4C36-A925-82D18B74E640}.Debug|Any CPU.Build.0 = Debug|Any CPU
		{1F7C435E-9E83-4C36-A925-82D18B74E640}.Release|Any CPU.ActiveCfg = Release|Any CPU
		{1F7C435E-9E83-4C36-A925-82D18B74E640}.Release|Any CPU.Build.0 = Release|Any CPU
	EndGlobalSection
	GlobalSection(SolutionProperties) = preSolution
		HideSolutionNode = FALSE
	EndGlobalSection
	GlobalSection(ExtensibilityGlobals) = postSolution
		SolutionGuid = {C6565723-F805-451F-9BD8-CFF5DE6DD37F}
	EndGlobalSection
EndGlobal
